
Microsoft Visual Studio Solution File, Format Version 12.00
# Visual Studio Version 17
VisualStudioVersion = 17.8.34330.188
MinimumVisualStudioVersion = 10.0.40219.1
Project("{FAE04EC0-301F-11D3-BF4B-00C04F79EFBC}") = "Primer laboratorio", "Primer laboratorio.csproj", "{7EAAA9C0-DA73-4EB0-ACD5-90F19DF2E394}"
EndProject
Global
	GlobalSection(SolutionConfigurationPlatforms) = preSolution
		Debug|Any CPU = Debug|Any CPU
		Release|Any CPU = Release|Any CPU
	EndGlobalSection
	GlobalSection(ProjectConfigurationPlatforms) = postSolution
		{7EAAA9C0-DA73-4EB0-ACD5-90F19DF2E394}.Debug|Any CPU.ActiveCfg = Debug|Any CPU
		{7EAAA9C0-DA73-4EB0-ACD5-90F19DF2E394}.Debug|Any CPU.Build.0 = Debug|Any CPU
		{7EAAA9C0-DA73-4EB0-ACD5-90F19DF2E394}.Release|Any CPU.ActiveCfg = Release|Any CPU
		{7EAAA9C0-DA73-4EB0-ACD5-90F19DF2E394}.Release|Any CPU.Build.0 = Release|Any CPU
	EndGlobalSection
	GlobalSection(SolutionProperties) = preSolution
		HideSolutionNode = FALSE
	EndGlobalSection
	GlobalSection(ExtensibilityGlobals) = postSolution
		SolutionGuid = {420B702E-EF7B-4D07-89F0-5B12F3A740CB}
	EndGlobalSection
EndGlobal
